
Microsoft Visual Studio Solution File, Format Version 12.00
# Visual Studio Version 16
VisualStudioVersion = 16.0.31702.278
MinimumVisualStudioVersion = 10.0.40219.1
Project("{FAE04EC0-301F-11D3-BF4B-00C04F79EFBC}") = "WebApplication1", "WebApplication1\WebApplication1.csproj", "{72879C95-FB0D-4829-AFF4-ABD5FE40FF16}"
EndProject
Global
	GlobalSection(SolutionConfigurationPlatforms) = preSolution
		Debug|Any CPU = Debug|Any CPU
		Release|Any CPU = Release|Any CPU
	EndGlobalSection
	GlobalSection(ProjectConfigurationPlatforms) = postSolution
		{72879C95-FB0D-4829-AFF4-ABD5FE40FF16}.Debug|Any CPU.ActiveCfg = Debug|Any CPU
		{72879C95-FB0D-4829-AFF4-ABD5FE40FF16}.Debug|Any CPU.Build.0 = Debug|Any CPU
		{72879C95-FB0D-4829-AFF4-ABD5FE40FF16}.Release|Any CPU.ActiveCfg = Release|Any CPU
		{72879C95-FB0D-4829-AFF4-ABD5FE40FF16}.Release|Any CPU.Build.0 = Release|Any CPU
	EndGlobalSection
	GlobalSection(SolutionProperties) = preSolution
		HideSolutionNode = FALSE
	EndGlobalSection
	GlobalSection(ExtensibilityGlobals) = postSolution
		SolutionGuid = {384C6C14-0EC8-4B0F-BACD-F2D894E24E86}
	EndGlobalSection
EndGlobal
